
Microsoft Visual Studio Solution File, Format Version 12.00
# Visual Studio Version 16
VisualStudioVersion = 16.0.30804.86
MinimumVisualStudioVersion = 10.0.40219.1
Project("{9A19103F-16F7-4668-BE54-9A1E7A4F7556}") = "GlueHome.Web", "src\GlueHome.Web\GlueHome.Web.csproj", "{8FC4758E-33AD-4309-87BE-181A5DCEB3CD}"
EndProject
Project("{9A19103F-16F7-4668-BE54-9A1E7A4F7556}") = "GlueHome.Application", "src\GlueHome.Application\GlueHome.Application.csproj", "{B99FACE4-19F6-4918-860F-0C6362F4B110}"
EndProject
Project("{9A19103F-16F7-4668-BE54-9A1E7A4F7556}") = "GlueHome.IoC", "src\GlueHome.IoC\GlueHome.IoC.csproj", "{34E4F49B-C025-4FB0-98ED-BF621E31EB7C}"
EndProject
Project("{9A19103F-16F7-4668-BE54-9A1E7A4F7556}") = "GlueHome.Persistence", "src\GlueHome.Persistence\GlueHome.Persistence.csproj", "{9C560E2F-B65C-428F-9469-3033C242F342}"
EndProject
Project("{9A19103F-16F7-4668-BE54-9A1E7A4F7556}") = "GlueHome.Domain", "src\GlueHome.Domain\GlueHome.Domain.csproj", "{9E8FEC41-2DF7-4A76-A013-FB69E7CBBB71}"
EndProject
Project("{2150E333-8FDC-42A3-9474-1A3956D46DE8}") = "src", "src", "{B822FC46-0452-4C8B-9013-2449631C2099}"
EndProject
Global
	GlobalSection(SolutionConfigurationPlatforms) = preSolution
		Debug|Any CPU = Debug|Any CPU
		Release|Any CPU = Release|Any CPU
	EndGlobalSection
	GlobalSection(ProjectConfigurationPlatforms) = postSolution
		{8FC4758E-33AD-4309-87BE-181A5DCEB3CD}.Debug|Any CPU.ActiveCfg = Debug|Any CPU
		{8FC4758E-33AD-4309-87BE-181A5DCEB3CD}.Debug|Any CPU.Build.0 = Debug|Any CPU
		{8FC4758E-33AD-4309-87BE-181A5DCEB3CD}.Release|Any CPU.ActiveCfg = Release|Any CPU
		{8FC4758E-33AD-4309-87BE-181A5DCEB3CD}.Release|Any CPU.Build.0 = Release|Any CPU
		{B99FACE4-19F6-4918-860F-0C6362F4B110}.Debug|Any CPU.ActiveCfg = Debug|Any CPU
		{B99FACE4-19F6-4918-860F-0C6362F4B110}.Debug|Any CPU.Build.0 = Debug|Any CPU
		{B99FACE4-19F6-4918-860F-0C6362F4B110}.Release|Any CPU.ActiveCfg = Release|Any CPU
		{B99FACE4-19F6-4918-860F-0C6362F4B110}.Release|Any CPU.Build.0 = Release|Any CPU
		{34E4F49B-C025-4FB0-98ED-BF621E31EB7C}.Debug|Any CPU.ActiveCfg = Debug|Any CPU
		{34E4F49B-C025-4FB0-98ED-BF621E31EB7C}.Debug|Any CPU.Build.0 = Debug|Any CPU
		{34E4F49B-C025-4FB0-98ED-BF621E31EB7C}.Release|Any CPU.ActiveCfg = Release|Any CPU
		{34E4F49B-C025-4FB0-98ED-BF621E31EB7C}.Release|Any CPU.Build.0 = Release|Any CPU
		{9C560E2F-B65C-428F-9469-3033C242F342}.Debug|Any CPU.ActiveCfg = Debug|Any CPU
		{9C560E2F-B65C-428F-9469-3033C242F342}.Debug|Any CPU.Build.0 = Debug|Any CPU
		{9C560E2F-B65C-428F-9469-3033C242F342}.Release|Any CPU.ActiveCfg = Release|Any CPU
		{9C560E2F-B65C-428F-9469-3033C242F342}.Release|Any CPU.Build.0 = Release|Any CPU
		{9E8FEC41-2DF7-4A76-A013-FB69E7CBBB71}.Debug|Any CPU.ActiveCfg = Debug|Any CPU
		{9E8FEC41-2DF7-4A76-A013-FB69E7CBBB71}.Debug|Any CPU.Build.0 = Debug|Any CPU
		{9E8FEC41-2DF7-4A76-A013-FB69E7CBBB71}.Release|Any CPU.ActiveCfg = Release|Any CPU
		{9E8FEC41-2DF7-4A76-A013-FB69E7CBBB71}.Release|Any CPU.Build.0 = Release|Any CPU
	EndGlobalSection
	GlobalSection(SolutionProperties) = preSolution
		HideSolutionNode = FALSE
	EndGlobalSection
	GlobalSection(NestedProjects) = preSolution
		{8FC4758E-33AD-4309-87BE-181A5DCEB3CD} = {B822FC46-0452-4C8B-9013-2449631C2099}
		{B99FACE4-19F6-4918-860F-0C6362F4B110} = {B822FC46-0452-4C8B-9013-2449631C2099}
		{34E4F49B-C025-4FB0-98ED-BF621E31EB7C} = {B822FC46-0452-4C8B-9013-2449631C2099}
		{9C560E2F-B65C-428F-9469-3033C242F342} = {B822FC46-0452-4C8B-9013-2449631C2099}
		{9E8FEC41-2DF7-4A76-A013-FB69E7CBBB71} = {B822FC46-0452-4C8B-9013-2449631C2099}
	EndGlobalSection
	GlobalSection(ExtensibilityGlobals) = postSolution
		SolutionGuid = {45AAE8A5-D837-43D2-9A60-F0A2A337F8C8}
	EndGlobalSection
EndGlobal
